
Microsoft Visual Studio Solution File, Format Version 12.00
# Visual Studio 15
VisualStudioVersion = 15.0.26730.16
MinimumVisualStudioVersion = 10.0.40219.1
Project("{8BC9CEB8-8B4A-11D0-8D11-00A0C91BC942}") = "AlphabetSoup", "AlphabetSoup\AlphabetSoup.vcxproj", "{E0CBF361-AE99-4795-A078-CD9205F6EAF1}"
EndProject
Global
	GlobalSection(SolutionConfigurationPlatforms) = preSolution
		Debug|x64 = Debug|x64
		Debug|x86 = Debug|x86
		Release|x64 = Release|x64
		Release|x86 = Release|x86
	EndGlobalSection
	GlobalSection(ProjectConfigurationPlatforms) = postSolution
		{E0CBF361-AE99-4795-A078-CD9205F6EAF1}.Debug|x64.ActiveCfg = Debug|x64
		{E0CBF361-AE99-4795-A078-CD9205F6EAF1}.Debug|x64.Build.0 = Debug|x64
		{E0CBF361-AE99-4795-A078-CD9205F6EAF1}.Debug|x86.ActiveCfg = Debug|Win32
		{E0CBF361-AE99-4795-A078-CD9205F6EAF1}.Debug|x86.Build.0 = Debug|Win32
		{E0CBF361-AE99-4795-A078-CD9205F6EAF1}.Release|x64.ActiveCfg = Release|x64
		{E0CBF361-AE99-4795-A078-CD9205F6EAF1}.Release|x64.Build.0 = Release|x64
		{E0CBF361-AE99-4795-A078-CD9205F6EAF1}.Release|x86.ActiveCfg = Release|Win32
		{E0CBF361-AE99-4795-A078-CD9205F6EAF1}.Release|x86.Build.0 = Release|Win32
	EndGlobalSection
	GlobalSection(SolutionProperties) = preSolution
		HideSolutionNode = FALSE
	EndGlobalSection
	GlobalSection(ExtensibilityGlobals) = postSolution
		SolutionGuid = {3089E7BC-F2AA-4E39-9025-022B161DA0CA}
	EndGlobalSection
EndGlobal
